version = 1
revision = 3
requires-python = ">=3.12"

[[package]]
name = "passlib"
version = "1.7.4"
source = { registry = "https://pypi.org/simple" }
sdist = { url = "https://files.pythonhosted.org/packages/b6/06/9da9ee59a67fae7761aab3ccc84fa4f3f33f125b370f1ccdb915bf967c11/passlib-1.7.4.tar.gz", hash = "sha256:defd50f72b65c5402ab2c573830a6978e5f202ad0d984793c8dde2c4152ebe04", size = 689844, upload-time = "2020-10-08T19:00:52.121Z" }
wheels = [
    { url = "https://files.pythonhosted.org/packages/3b/a4/ab6b7589382ca3df236e03faa71deac88cae040af60c071a78d254a62172/passlib-1.7.4-py2.py3-none-any.whl", hash = "sha256:aa6bca462b8d8bda89c70b382f0c298a20b5560af6cbfa2dce410c0a2fb669f1", size = 525554, upload-time = "2020-10-08T19:00:49.856Z" },
]

[[package]]
name = "python-multipart"
version = "0.0.29"
source = { registry = "https://pypi.org/simple" }
sdist = { url = "https://files.pythonhosted.org/packages/4e/fe/70bd71a6738b09a0bdf6480ca6436b167469ca4578b2a0efbe390b4b0e70/python_multipart-0.0.29.tar.gz", hash = "sha256:643e93849196645e2dbdd81a0f8829a23123ad7f797a84a364c6fb3563f18904", size = 45678, upload-time = "2026-05-17T17:29:47.654Z" }
wheels = [
    { url = "https://files.pythonhosted.org/packages/8f/cb/769cfc37177252872a45a71f3fbdde9d51b471a3f3c14bfe95dde3407386/python_multipart-0.0.29-py3-none-any.whl", hash = "sha256:2ddcc971cef266225f54f552d8fa10bcfbb1f14446caec199060daac59ff2d69", size = 29640, upload-time = "2026-05-17T17:29:45.69Z" },
]

[[package]]
name = "stefanspitse"
version = "0.1.0"
source = { virtual = "." }
dependencies = [
    { name = "passlib" },
    { name = "python-multipart" },
]

[package.metadata]
requires-dist = [
    { name = "passlib", specifier = ">=1.7.4" },
    { name = "python-multipart", specifier = ">=0.0.29" },
]
